
Microsoft Visual Studio Solution File, Format Version 12.00
# Visual Studio Version 17
VisualStudioVersion = 17.14.37027.9
MinimumVisualStudioVersion = 10.0.40219.1
Project("{FAE04EC0-301F-11D3-BF4B-00C04F79EFBC}") = "Blazor", "Blazor\Blazor.csproj", "{8CB6C44E-B92B-4D94-A7F6-AF712A3FF6CA}"
EndProject
Project("{FAE04EC0-301F-11D3-BF4B-00C04F79EFBC}") = "TODOlist", "TODOlist\TODOlist.csproj", "{A3B9A2D8-6EE4-4537-9A64-5F5FBFC2BB3A}"
EndProject
Global
	GlobalSection(SolutionConfigurationPlatforms) = preSolution
		Debug|Any CPU = Debug|Any CPU
		Release|Any CPU = Release|Any CPU
	EndGlobalSection
	GlobalSection(ProjectConfigurationPlatforms) = postSolution
		{8CB6C44E-B92B-4D94-A7F6-AF712A3FF6CA}.Debug|Any CPU.ActiveCfg = Debug|Any CPU
		{8CB6C44E-B92B-4D94-A7F6-AF712A3FF6CA}.Debug|Any CPU.Build.0 = Debug|Any CPU
		{8CB6C44E-B92B-4D94-A7F6-AF712A3FF6CA}.Release|Any CPU.ActiveCfg = Release|Any CPU
		{8CB6C44E-B92B-4D94-A7F6-AF712A3FF6CA}.Release|Any CPU.Build.0 = Release|Any CPU
		{A3B9A2D8-6EE4-4537-9A64-5F5FBFC2BB3A}.Debug|Any CPU.ActiveCfg = Debug|Any CPU
		{A3B9A2D8-6EE4-4537-9A64-5F5FBFC2BB3A}.Debug|Any CPU.Build.0 = Debug|Any CPU
		{A3B9A2D8-6EE4-4537-9A64-5F5FBFC2BB3A}.Release|Any CPU.ActiveCfg = Release|Any CPU
		{A3B9A2D8-6EE4-4537-9A64-5F5FBFC2BB3A}.Release|Any CPU.Build.0 = Release|Any CPU
	EndGlobalSection
	GlobalSection(SolutionProperties) = preSolution
		HideSolutionNode = FALSE
	EndGlobalSection
	GlobalSection(ExtensibilityGlobals) = postSolution
		SolutionGuid = {FDAD6EE2-E397-4657-929B-46677F1DCA3C}
	EndGlobalSection
EndGlobal
